{
    "_readme": [
        "This file locks the dependencies of your project to a known state",
        "Read more about it at https://getcomposer.org/doc/01-basic-usage.md#composer-lock-the-lock-file",
        "This file is @generated automatically"
    ],
    "content-hash": "828b6e42c5aee1736ed1fecdfdc4306f",
    "packages": [
        {
            "name": "fzaninotto/faker",
            "version": "v1.6.0",
            "source": {
                "type": "git",
                "url": "https://github.com/fzaninotto/Faker.git",
                "reference": "44f9a286a04b80c76a4e5fb7aad8bb539b920123"
            },
            "dist": {
                "type": "zip",
                "url": "https://api.github.com/repos/fzaninotto/Faker/zipball/44f9a286a04b80c76a4e5fb7aad8bb539b920123",
                "reference": "44f9a286a04b80c76a4e5fb7aad8bb539b920123",
                "shasum": ""
            },
            "require": {
                "php": "^5.3.3|^7.0"
            },
            "require-dev": {
                "ext-intl": "*",
                "phpunit/phpunit": "~4.0",
                "squizlabs/php_codesniffer": "~1.5"
            },
            "type": "library",
            "extra": {
                "branch-alias": []
            },
            "autoload": {
                "psr-4": {
                    "Faker\\": "src/Faker/"
                }
            },
            "notification-url": "https://packagist.org/downloads/",
            "license": [
                "MIT"
            ],
            "authors": [
                {
                    "name": "François Zaninotto"
                }
            ],
            "description": "Faker is a PHP library that generates fake data for you.",
            "keywords": [
                "data",
                "faker",
                "fixtures"
            ],
            "time": "2016-04-29T12:21:54+00:00"
        },
        {
            "name": "kwn/number-to-words",
            "version": "1.2.1",
            "source": {
                "type": "git",
                "url": "https://github.com/kwn/number-to-words.git",
                "reference": "28097c8a1203711d297c8e40b249e04c9521da7a"
            },
            "dist": {
                "type": "zip",
                "url": "https://api.github.com/repos/kwn/number-to-words/zipball/28097c8a1203711d297c8e40b249e04c9521da7a",
                "reference": "28097c8a1203711d297c8e40b249e04c9521da7a",
                "shasum": ""
            },
            "require": {
                "php": ">=5.4"
            },
            "require-dev": {
                "codeclimate/php-test-reporter": "^0.3.0",
                "mockery/mockery": "~0.9",
                "phpmd/phpmd": "^2.2.0",
                "phpunit/phpunit": "^4.8.0",
                "squizlabs/php_codesniffer": "^2.6.0"
            },
            "type": "library",
            "autoload": {
                "psr-4": {
                    "NumberToWords\\": "src"
                }
            },
            "notification-url": "https://packagist.org/downloads/",
            "license": [
                "MIT"
            ],
            "authors": [
                {
                    "name": "Karol Wnuk",
                    "email": "k.wnuk@ascetic.pl"
                }
            ],
            "description": "Multi language standalone PHP number to words converter. Fully tested, open for extensions and new languages.",
            "keywords": [
                "angle",
                "currency",
                "money",
                "number",
                "string",
                "to",
                "words"
            ],
            "time": "2017-02-06T21:40:56+00:00"
        }
    ],
    "packages-dev": [],
    "aliases": [],
    "minimum-stability": "stable",
    "stability-flags": [],
    "prefer-stable": false,
    "prefer-lowest": false,
    "platform": [],
    "platform-dev": []
}
